<?xml version="1.0" encoding="UTF-8"?>
<!DOCTYPE plist PUBLIC "-//Apple//DTD PLIST 1.0//EN" "http://www.apple.com/DTDs/PropertyList-1.0.dtd">
<plist version="1.0">
<dict>
	<key>archiveVersion</key>
	<string>1</string>
	<key>classes</key>
	<dict/>
	<key>objectVersion</key>
	<string>46</string>
	<key>objects</key>
	<dict>
		<key>27E1E5780AB5427EB74DAAAE</key>
		<dict>
			<key>buildActionMask</key>
			<string>2147483647</string>
			<key>files</key>
			<array/>
			<key>inputPaths</key>
			<array/>
			<key>isa</key>
			<string>PBXShellScriptBuildPhase</string>
			<key>name</key>
			<string>Copy Pods Resources</string>
			<key>outputPaths</key>
			<array/>
			<key>runOnlyForDeploymentPostprocessing</key>
			<string>0</string>
			<key>shellPath</key>
			<string>/bin/sh</string>
			<key>shellScript</key>
			<string>"${SRCROOT}/Pods/Pods-resources.sh"
</string>
			<key>showEnvVarsInLog</key>
			<string>1</string>
		</dict>
		<key>3085BF0139C740D8A6D4AE53</key>
		<dict>
			<key>includeInIndex</key>
			<string>1</string>
			<key>isa</key>
			<string>PBXFileReference</string>
			<key>lastKnownFileType</key>
			<string>text.xcconfig</string>
			<key>name</key>
			<string>Pods.xcconfig</string>
			<key>path</key>
			<string>Pods/Pods.xcconfig</string>
			<key>sourceTree</key>
			<string>SOURCE_ROOT</string>
		</dict>
		<key>3D6EEDCF7CCE4CF683244B79</key>
		<dict>
			<key>fileRef</key>
			<string>402BBD9B4A984EE0A61B6FD0</string>
			<key>isa</key>
			<string>PBXBuildFile</string>
			<key>settings</key>
			<dict/>
		</dict>
		<key>402BBD9B4A984EE0A61B6FD0</key>
		<dict>
			<key>explicitFileType</key>
			<string>archive.ar</string>
			<key>includeInIndex</key>
			<string>0</string>
			<key>isa</key>
			<string>PBXFileReference</string>
			<key>name</key>
			<string>libPods.a</string>
			<key>path</key>
			<string>libPods.a</string>
			<key>sourceTree</key>
			<string>BUILT_PRODUCTS_DIR</string>
		</dict>
		<key>A5E77902169C30B200383595</key>
		<dict>
			<key>isa</key>
			<string>PBXFileReference</string>
			<key>lastKnownFileType</key>
			<string>wrapper.framework</string>
			<key>name</key>
			<string>MapKit.framework</string>
			<key>path</key>
			<string>System/Library/Frameworks/MapKit.framework</string>
			<key>sourceTree</key>
			<string>SDKROOT</string>
		</dict>
		<key>A5E77903169C30B200383595</key>
		<dict>
			<key>fileRef</key>
			<string>A5E77902169C30B200383595</string>
			<key>isa</key>
			<string>PBXBuildFile</string>
		</dict>
		<key>FD2C5345169B0C5B005D2231</key>
		<dict>
			<key>children</key>
			<array>
				<string>FD2C535A169B0C5B005D2231</string>
				<string>FD2C5353169B0C5B005D2231</string>
				<string>FD2C5351169B0C5B005D2231</string>
				<string>3085BF0139C740D8A6D4AE53</string>
			</array>
			<key>isa</key>
			<string>PBXGroup</string>
			<key>sourceTree</key>
			<string>&lt;group&gt;</string>
		</dict>
		<key>FD2C5347169B0C5B005D2231</key>
		<dict>
			<key>attributes</key>
			<dict>
				<key>LastUpgradeCheck</key>
				<string>0450</string>
				<key>ORGANIZATIONNAME</key>
				<string>Atos</string>
			</dict>
			<key>buildConfigurationList</key>
			<string>FD2C534A169B0C5B005D2231</string>
			<key>compatibilityVersion</key>
			<string>Xcode 3.2</string>
			<key>developmentRegion</key>
			<string>English</string>
			<key>hasScannedForEncodings</key>
			<string>0</string>
			<key>isa</key>
			<string>PBXProject</string>
			<key>knownRegions</key>
			<array>
				<string>en</string>
			</array>
			<key>mainGroup</key>
			<string>FD2C5345169B0C5B005D2231</string>
			<key>productRefGroup</key>
			<string>FD2C5351169B0C5B005D2231</string>
			<key>projectDirPath</key>
			<string></string>
			<key>projectReferences</key>
			<array/>
			<key>projectRoot</key>
			<string></string>
			<key>targets</key>
			<array>
				<string>FD2C534F169B0C5B005D2231</string>
			</array>
		</dict>
		<key>FD2C534A169B0C5B005D2231</key>
		<dict>
			<key>buildConfigurations</key>
			<array>
				<string>FD2C5372169B0C5C005D2231</string>
				<string>FD2C5373169B0C5C005D2231</string>
			</array>
			<key>defaultConfigurationIsVisible</key>
			<string>0</string>
			<key>defaultConfigurationName</key>
			<string>Release</string>
			<key>isa</key>
			<string>XCConfigurationList</string>
		</dict>
		<key>FD2C534C169B0C5B005D2231</key>
		<dict>
			<key>buildActionMask</key>
			<string>2147483647</string>
			<key>files</key>
			<array>
				<string>FD2C5361169B0C5B005D2231</string>
				<string>FD2C5365169B0C5B005D2231</string>
				<string>FD2C5371169B0C5C005D2231</string>
			</array>
			<key>isa</key>
			<string>PBXSourcesBuildPhase</string>
			<key>runOnlyForDeploymentPostprocessing</key>
			<string>0</string>
		</dict>
		<key>FD2C534D169B0C5B005D2231</key>
		<dict>
			<key>buildActionMask</key>
			<string>2147483647</string>
			<key>files</key>
			<array>
				<string>A5E77903169C30B200383595</string>
				<string>FD2C53A5169B21C3005D2231</string>
				<string>FD2C5355169B0C5B005D2231</string>
				<string>FD2C5357169B0C5B005D2231</string>
				<string>FD2C5359169B0C5B005D2231</string>
				<string>3D6EEDCF7CCE4CF683244B79</string>
			</array>
			<key>isa</key>
			<string>PBXFrameworksBuildPhase</string>
			<key>runOnlyForDeploymentPostprocessing</key>
			<string>0</string>
		</dict>
		<key>FD2C534E169B0C5B005D2231</key>
		<dict>
			<key>buildActionMask</key>
			<string>2147483647</string>
			<key>files</key>
			<array>
				<string>FD2C535F169B0C5B005D2231</string>
				<string>FD2C5367169B0C5B005D2231</string>
				<string>FD2C5369169B0C5C005D2231</string>
				<string>FD2C536B169B0C5C005D2231</string>
				<string>FD2C536E169B0C5C005D2231</string>
			</array>
			<key>isa</key>
			<string>PBXResourcesBuildPhase</string>
			<key>runOnlyForDeploymentPostprocessing</key>
			<string>0</string>
		</dict>
		<key>FD2C534F169B0C5B005D2231</key>
		<dict>
			<key>buildConfigurationList</key>
			<string>FD2C5374169B0C5C005D2231</string>
			<key>buildPhases</key>
			<array>
				<string>FD2C534C169B0C5B005D2231</string>
				<string>FD2C534D169B0C5B005D2231</string>
				<string>FD2C534E169B0C5B005D2231</string>
				<string>27E1E5780AB5427EB74DAAAE</string>
			</array>
			<key>buildRules</key>
			<array/>
			<key>dependencies</key>
			<array/>
			<key>isa</key>
			<string>PBXNativeTarget</string>
			<key>name</key>
			<string>FoldableMenu</string>
			<key>productName</key>
			<string>FoldableMenu</string>
			<key>productReference</key>
			<string>FD2C5350169B0C5B005D2231</string>
			<key>productType</key>
			<string>com.apple.product-type.application</string>
		</dict>
		<key>FD2C5350169B0C5B005D2231</key>
		<dict>
			<key>explicitFileType</key>
			<string>wrapper.application</string>
			<key>includeInIndex</key>
			<string>0</string>
			<key>isa</key>
			<string>PBXFileReference</string>
			<key>path</key>
			<string>FoldableMenu.app</string>
			<key>sourceTree</key>
			<string>BUILT_PRODUCTS_DIR</string>
		</dict>
		<key>FD2C5351169B0C5B005D2231</key>
		<dict>
			<key>children</key>
			<array>
				<string>FD2C5350169B0C5B005D2231</string>
			</array>
			<key>isa</key>
			<string>PBXGroup</string>
			<key>name</key>
			<string>Products</string>
			<key>sourceTree</key>
			<string>&lt;group&gt;</string>
		</dict>
		<key>FD2C5353169B0C5B005D2231</key>
		<dict>
			<key>children</key>
			<array>
				<string>A5E77902169C30B200383595</string>
				<string>FD2C53A4169B21C3005D2231</string>
				<string>FD2C5354169B0C5B005D2231</string>
				<string>FD2C5356169B0C5B005D2231</string>
				<string>FD2C5358169B0C5B005D2231</string>
				<string>402BBD9B4A984EE0A61B6FD0</string>
			</array>
			<key>isa</key>
			<string>PBXGroup</string>
			<key>name</key>
			<string>Frameworks</string>
			<key>sourceTree</key>
			<string>&lt;group&gt;</string>
		</dict>
		<key>FD2C5354169B0C5B005D2231</key>
		<dict>
			<key>isa</key>
			<string>PBXFileReference</string>
			<key>lastKnownFileType</key>
			<string>wrapper.framework</string>
			<key>name</key>
			<string>UIKit.framework</string>
			<key>path</key>
			<string>System/Library/Frameworks/UIKit.framework</string>
			<key>sourceTree</key>
			<string>SDKROOT</string>
		</dict>
		<key>FD2C5355169B0C5B005D2231</key>
		<dict>
			<key>fileRef</key>
			<string>FD2C5354169B0C5B005D2231</string>
			<key>isa</key>
			<string>PBXBuildFile</string>
		</dict>
		<key>FD2C5356169B0C5B005D2231</key>
		<dict>
			<key>isa</key>
			<string>PBXFileReference</string>
			<key>lastKnownFileType</key>
			<string>wrapper.framework</string>
			<key>name</key>
			<string>Foundation.framework</string>
			<key>path</key>
			<string>System/Library/Frameworks/Foundation.framework</string>
			<key>sourceTree</key>
			<string>SDKROOT</string>
		</dict>
		<key>FD2C5357169B0C5B005D2231</key>
		<dict>
			<key>fileRef</key>
			<string>FD2C5356169B0C5B005D2231</string>
			<key>isa</key>
			<string>PBXBuildFile</string>
		</dict>
		<key>FD2C5358169B0C5B005D2231</key>
		<dict>
			<key>isa</key>
			<string>PBXFileReference</string>
			<key>lastKnownFileType</key>
			<string>wrapper.framework</string>
			<key>name</key>
			<string>CoreGraphics.framework</string>
			<key>path</key>
			<string>System/Library/Frameworks/CoreGraphics.framework</string>
			<key>sourceTree</key>
			<string>SDKROOT</string>
		</dict>
		<key>FD2C5359169B0C5B005D2231</key>
		<dict>
			<key>fileRef</key>
			<string>FD2C5358169B0C5B005D2231</string>
			<key>isa</key>
			<string>PBXBuildFile</string>
		</dict>
		<key>FD2C535A169B0C5B005D2231</key>
		<dict>
			<key>children</key>
			<array>
				<string>FD2C5363169B0C5B005D2231</string>
				<string>FD2C5364169B0C5B005D2231</string>
				<string>FD2C536C169B0C5C005D2231</string>
				<string>FD2C536F169B0C5C005D2231</string>
				<string>FD2C5370169B0C5C005D2231</string>
				<string>FD2C535B169B0C5B005D2231</string>
			</array>
			<key>isa</key>
			<string>PBXGroup</string>
			<key>path</key>
			<string>FoldableMenu</string>
			<key>sourceTree</key>
			<string>&lt;group&gt;</string>
		</dict>
		<key>FD2C535B169B0C5B005D2231</key>
		<dict>
			<key>children</key>
			<array>
				<string>FD2C535C169B0C5B005D2231</string>
				<string>FD2C535D169B0C5B005D2231</string>
				<string>FD2C5360169B0C5B005D2231</string>
				<string>FD2C5362169B0C5B005D2231</string>
				<string>FD2C5366169B0C5B005D2231</string>
				<string>FD2C5368169B0C5C005D2231</string>
				<string>FD2C536A169B0C5C005D2231</string>
			</array>
			<key>isa</key>
			<string>PBXGroup</string>
			<key>name</key>
			<string>Supporting Files</string>
			<key>sourceTree</key>
			<string>&lt;group&gt;</string>
		</dict>
		<key>FD2C535C169B0C5B005D2231</key>
		<dict>
			<key>isa</key>
			<string>PBXFileReference</string>
			<key>lastKnownFileType</key>
			<string>text.plist.xml</string>
			<key>path</key>
			<string>FoldableMenu-Info.plist</string>
			<key>sourceTree</key>
			<string>&lt;group&gt;</string>
		</dict>
		<key>FD2C535D169B0C5B005D2231</key>
		<dict>
			<key>children</key>
			<array>
				<string>FD2C535E169B0C5B005D2231</string>
			</array>
			<key>isa</key>
			<string>PBXVariantGroup</string>
			<key>name</key>
			<string>InfoPlist.strings</string>
			<key>sourceTree</key>
			<string>&lt;group&gt;</string>
		</dict>
		<key>FD2C535E169B0C5B005D2231</key>
		<dict>
			<key>isa</key>
			<string>PBXFileReference</string>
			<key>lastKnownFileType</key>
			<string>text.plist.strings</string>
			<key>name</key>
			<string>en</string>
			<key>path</key>
			<string>en.lproj/InfoPlist.strings</string>
			<key>sourceTree</key>
			<string>&lt;group&gt;</string>
		</dict>
		<key>FD2C535F169B0C5B005D2231</key>
		<dict>
			<key>fileRef</key>
			<string>FD2C535D169B0C5B005D2231</string>
			<key>isa</key>
			<string>PBXBuildFile</string>
		</dict>
		<key>FD2C5360169B0C5B005D2231</key>
		<dict>
			<key>isa</key>
			<string>PBXFileReference</string>
			<key>lastKnownFileType</key>
			<string>sourcecode.c.objc</string>
			<key>path</key>
			<string>main.m</string>
			<key>sourceTree</key>
			<string>&lt;group&gt;</string>
		</dict>
		<key>FD2C5361169B0C5B005D2231</key>
		<dict>
			<key>fileRef</key>
			<string>FD2C5360169B0C5B005D2231</string>
			<key>isa</key>
			<string>PBXBuildFile</string>
		</dict>
		<key>FD2C5362169B0C5B005D2231</key>
		<dict>
			<key>isa</key>
			<string>PBXFileReference</string>
			<key>lastKnownFileType</key>
			<string>sourcecode.c.h</string>
			<key>path</key>
			<string>FoldableMenu-Prefix.pch</string>
			<key>sourceTree</key>
			<string>&lt;group&gt;</string>
		</dict>
		<key>FD2C5363169B0C5B005D2231</key>
		<dict>
			<key>isa</key>
			<string>PBXFileReference</string>
			<key>lastKnownFileType</key>
			<string>sourcecode.c.h</string>
			<key>path</key>
			<string>AppDelegate.h</string>
			<key>sourceTree</key>
			<string>&lt;group&gt;</string>
		</dict>
		<key>FD2C5364169B0C5B005D2231</key>
		<dict>
			<key>isa</key>
			<string>PBXFileReference</string>
			<key>lastKnownFileType</key>
			<string>sourcecode.c.objc</string>
			<key>path</key>
			<string>AppDelegate.m</string>
			<key>sourceTree</key>
			<string>&lt;group&gt;</string>
		</dict>
		<key>FD2C5365169B0C5B005D2231</key>
		<dict>
			<key>fileRef</key>
			<string>FD2C5364169B0C5B005D2231</string>
			<key>isa</key>
			<string>PBXBuildFile</string>
		</dict>
		<key>FD2C5366169B0C5B005D2231</key>
		<dict>
			<key>isa</key>
			<string>PBXFileReference</string>
			<key>lastKnownFileType</key>
			<string>image.png</string>
			<key>path</key>
			<string>Default.png</string>
			<key>sourceTree</key>
			<string>&lt;group&gt;</string>
		</dict>
		<key>FD2C5367169B0C5B005D2231</key>
		<dict>
			<key>fileRef</key>
			<string>FD2C5366169B0C5B005D2231</string>
			<key>isa</key>
			<string>PBXBuildFile</string>
		</dict>
		<key>FD2C5368169B0C5C005D2231</key>
		<dict>
			<key>isa</key>
			<string>PBXFileReference</string>
			<key>lastKnownFileType</key>
			<string>image.png</string>
			<key>path</key>
			<string>Default@2x.png</string>
			<key>sourceTree</key>
			<string>&lt;group&gt;</string>
		</dict>
		<key>FD2C5369169B0C5C005D2231</key>
		<dict>
			<key>fileRef</key>
			<string>FD2C5368169B0C5C005D2231</string>
			<key>isa</key>
			<string>PBXBuildFile</string>
		</dict>
		<key>FD2C536A169B0C5C005D2231</key>
		<dict>
			<key>isa</key>
			<string>PBXFileReference</string>
			<key>lastKnownFileType</key>
			<string>image.png</string>
			<key>path</key>
			<string>Default-568h@2x.png</string>
			<key>sourceTree</key>
			<string>&lt;group&gt;</string>
		</dict>
		<key>FD2C536B169B0C5C005D2231</key>
		<dict>
			<key>fileRef</key>
			<string>FD2C536A169B0C5C005D2231</string>
			<key>isa</key>
			<string>PBXBuildFile</string>
		</dict>
		<key>FD2C536C169B0C5C005D2231</key>
		<dict>
			<key>children</key>
			<array>
				<string>FD2C536D169B0C5C005D2231</string>
			</array>
			<key>isa</key>
			<string>PBXVariantGroup</string>
			<key>name</key>
			<string>MainStoryboard.storyboard</string>
			<key>sourceTree</key>
			<string>&lt;group&gt;</string>
		</dict>
		<key>FD2C536D169B0C5C005D2231</key>
		<dict>
			<key>isa</key>
			<string>PBXFileReference</string>
			<key>lastKnownFileType</key>
			<string>file.storyboard</string>
			<key>name</key>
			<string>en</string>
			<key>path</key>
			<string>en.lproj/MainStoryboard.storyboard</string>
			<key>sourceTree</key>
			<string>&lt;group&gt;</string>
		</dict>
		<key>FD2C536E169B0C5C005D2231</key>
		<dict>
			<key>fileRef</key>
			<string>FD2C536C169B0C5C005D2231</string>
			<key>isa</key>
			<string>PBXBuildFile</string>
		</dict>
		<key>FD2C536F169B0C5C005D2231</key>
		<dict>
			<key>isa</key>
			<string>PBXFileReference</string>
			<key>lastKnownFileType</key>
			<string>sourcecode.c.h</string>
			<key>path</key>
			<string>ViewController.h</string>
			<key>sourceTree</key>
			<string>&lt;group&gt;</string>
		</dict>
		<key>FD2C5370169B0C5C005D2231</key>
		<dict>
			<key>isa</key>
			<string>PBXFileReference</string>
			<key>lastKnownFileType</key>
			<string>sourcecode.c.objc</string>
			<key>path</key>
			<string>ViewController.m</string>
			<key>sourceTree</key>
			<string>&lt;group&gt;</string>
		</dict>
		<key>FD2C5371169B0C5C005D2231</key>
		<dict>
			<key>fileRef</key>
			<string>FD2C5370169B0C5C005D2231</string>
			<key>isa</key>
			<string>PBXBuildFile</string>
		</dict>
		<key>FD2C5372169B0C5C005D2231</key>
		<dict>
			<key>buildSettings</key>
			<dict>
				<key>ALWAYS_SEARCH_USER_PATHS</key>
				<string>NO</string>
				<key>CLANG_CXX_LANGUAGE_STANDARD</key>
				<string>gnu++0x</string>
				<key>CLANG_CXX_LIBRARY</key>
				<string>libc++</string>
				<key>CLANG_ENABLE_OBJC_ARC</key>
				<string>YES</string>
				<key>CLANG_WARN_EMPTY_BODY</key>
				<string>YES</string>
				<key>CLANG_WARN__DUPLICATE_METHOD_MATCH</key>
				<string>YES</string>
				<key>CODE_SIGN_IDENTITY[sdk=iphoneos*]</key>
				<string>iPhone Developer</string>
				<key>COPY_PHASE_STRIP</key>
				<string>NO</string>
				<key>GCC_C_LANGUAGE_STANDARD</key>
				<string>gnu99</string>
				<key>GCC_DYNAMIC_NO_PIC</key>
				<string>NO</string>
				<key>GCC_OPTIMIZATION_LEVEL</key>
				<string>0</string>
				<key>GCC_PREPROCESSOR_DEFINITIONS</key>
				<array>
					<string>DEBUG=1</string>
					<string>$(inherited)</string>
				</array>
				<key>GCC_SYMBOLS_PRIVATE_EXTERN</key>
				<string>NO</string>
				<key>GCC_WARN_ABOUT_RETURN_TYPE</key>
				<string>YES</string>
				<key>GCC_WARN_UNINITIALIZED_AUTOS</key>
				<string>YES</string>
				<key>GCC_WARN_UNUSED_VARIABLE</key>
				<string>YES</string>
				<key>IPHONEOS_DEPLOYMENT_TARGET</key>
				<string>6.0</string>
				<key>ONLY_ACTIVE_ARCH</key>
				<string>YES</string>
				<key>SDKROOT</key>
				<string>iphoneos</string>
			</dict>
			<key>isa</key>
			<string>XCBuildConfiguration</string>
			<key>name</key>
			<string>Debug</string>
		</dict>
		<key>FD2C5373169B0C5C005D2231</key>
		<dict>
			<key>buildSettings</key>
			<dict>
				<key>ALWAYS_SEARCH_USER_PATHS</key>
				<string>NO</string>
				<key>CLANG_CXX_LANGUAGE_STANDARD</key>
				<string>gnu++0x</string>
				<key>CLANG_CXX_LIBRARY</key>
				<string>libc++</string>
				<key>CLANG_ENABLE_OBJC_ARC</key>
				<string>YES</string>
				<key>CLANG_WARN_EMPTY_BODY</key>
				<string>YES</string>
				<key>CLANG_WARN__DUPLICATE_METHOD_MATCH</key>
				<string>YES</string>
				<key>CODE_SIGN_IDENTITY[sdk=iphoneos*]</key>
				<string>iPhone Developer</string>
				<key>COPY_PHASE_STRIP</key>
				<string>YES</string>
				<key>GCC_C_LANGUAGE_STANDARD</key>
				<string>gnu99</string>
				<key>GCC_WARN_ABOUT_RETURN_TYPE</key>
				<string>YES</string>
				<key>GCC_WARN_UNINITIALIZED_AUTOS</key>
				<string>YES</string>
				<key>GCC_WARN_UNUSED_VARIABLE</key>
				<string>YES</string>
				<key>IPHONEOS_DEPLOYMENT_TARGET</key>
				<string>6.0</string>
				<key>OTHER_CFLAGS</key>
				<string>-DNS_BLOCK_ASSERTIONS=1</string>
				<key>SDKROOT</key>
				<string>iphoneos</string>
				<key>VALIDATE_PRODUCT</key>
				<string>YES</string>
			</dict>
			<key>isa</key>
			<string>XCBuildConfiguration</string>
			<key>name</key>
			<string>Release</string>
		</dict>
		<key>FD2C5374169B0C5C005D2231</key>
		<dict>
			<key>buildConfigurations</key>
			<array>
				<string>FD2C5375169B0C5C005D2231</string>
				<string>FD2C5376169B0C5C005D2231</string>
			</array>
			<key>defaultConfigurationIsVisible</key>
			<string>0</string>
			<key>defaultConfigurationName</key>
			<string>Release</string>
			<key>isa</key>
			<string>XCConfigurationList</string>
		</dict>
		<key>FD2C5375169B0C5C005D2231</key>
		<dict>
			<key>baseConfigurationReference</key>
			<string>3085BF0139C740D8A6D4AE53</string>
			<key>buildSettings</key>
			<dict>
				<key>GCC_PRECOMPILE_PREFIX_HEADER</key>
				<string>YES</string>
				<key>GCC_PREFIX_HEADER</key>
				<string>FoldableMenu/FoldableMenu-Prefix.pch</string>
				<key>INFOPLIST_FILE</key>
				<string>FoldableMenu/FoldableMenu-Info.plist</string>
				<key>PRODUCT_NAME</key>
				<string>$(TARGET_NAME)</string>
				<key>WRAPPER_EXTENSION</key>
				<string>app</string>
			</dict>
			<key>isa</key>
			<string>XCBuildConfiguration</string>
			<key>name</key>
			<string>Debug</string>
		</dict>
		<key>FD2C5376169B0C5C005D2231</key>
		<dict>
			<key>baseConfigurationReference</key>
			<string>3085BF0139C740D8A6D4AE53</string>
			<key>buildSettings</key>
			<dict>
				<key>GCC_PRECOMPILE_PREFIX_HEADER</key>
				<string>YES</string>
				<key>GCC_PREFIX_HEADER</key>
				<string>FoldableMenu/FoldableMenu-Prefix.pch</string>
				<key>INFOPLIST_FILE</key>
				<string>FoldableMenu/FoldableMenu-Info.plist</string>
				<key>PRODUCT_NAME</key>
				<string>$(TARGET_NAME)</string>
				<key>WRAPPER_EXTENSION</key>
				<string>app</string>
			</dict>
			<key>isa</key>
			<string>XCBuildConfiguration</string>
			<key>name</key>
			<string>Release</string>
		</dict>
		<key>FD2C53A4169B21C3005D2231</key>
		<dict>
			<key>isa</key>
			<string>PBXFileReference</string>
			<key>lastKnownFileType</key>
			<string>wrapper.framework</string>
			<key>name</key>
			<string>QuartzCore.framework</string>
			<key>path</key>
			<string>System/Library/Frameworks/QuartzCore.framework</string>
			<key>sourceTree</key>
			<string>SDKROOT</string>
		</dict>
		<key>FD2C53A5169B21C3005D2231</key>
		<dict>
			<key>fileRef</key>
			<string>FD2C53A4169B21C3005D2231</string>
			<key>isa</key>
			<string>PBXBuildFile</string>
		</dict>
	</dict>
	<key>rootObject</key>
	<string>FD2C5347169B0C5B005D2231</string>
</dict>
</plist>
